// !$*UTF8*$!
{
	archiveVersion = 1;
	classes = {
	};
	objectVersion = 52;
	objects = {

/* Begin PBXBuildFile section */
		DD0F364F25CF983400668660 /* PokedexApp.swift in Sources */ = {isa = PBXBuildFile; fileRef = DD0F364E25CF983400668660 /* PokedexApp.swift */; };
		DD0F365325CF983600668660 /* Assets.xcassets in Resources */ = {isa = PBXBuildFile; fileRef = DD0F365225CF983600668660 /* Assets.xcassets */; };
		DD0F365625CF983600668660 /* Preview Assets.xcassets in Resources */ = {isa = PBXBuildFile; fileRef = DD0F365525CF983600668660 /* Preview Assets.xcassets */; };
		DD0F366125CF983600668660 /* PokedexTests.swift in Sources */ = {isa = PBXBuildFile; fileRef = DD0F366025CF983600668660 /* PokedexTests.swift */; };
		DD0F366C25CF983600668660 /* PokedexUITests.swift in Sources */ = {isa = PBXBuildFile; fileRef = DD0F366B25CF983600668660 /* PokedexUITests.swift */; };
		DD0F368025CF98F000668660 /* PokemonCell.swift in Sources */ = {isa = PBXBuildFile; fileRef = DD0F367F25CF98F000668660 /* PokemonCell.swift */; };
		DD0F368825D22A6400668660 /* PokedexView.swift in Sources */ = {isa = PBXBuildFile; fileRef = DD0F368725D22A6400668660 /* PokedexView.swift */; };
		DD0F368D25D9C64F00668660 /* PokemonOld.swift in Sources */ = {isa = PBXBuildFile; fileRef = DD0F368C25D9C64F00668660 /* PokemonOld.swift */; };
		DD0F369225D9CA0500668660 /* PokemonVM.swift in Sources */ = {isa = PBXBuildFile; fileRef = DD0F369125D9CA0500668660 /* PokemonVM.swift */; };
		DD0F369E25D9D38F00668660 /* KingfisherSwiftUI in Frameworks */ = {isa = PBXBuildFile; productRef = DD0F369D25D9D38F00668660 /* KingfisherSwiftUI */; };
		DD0F36A325D9E18300668660 /* PokemonListResult.swift in Sources */ = {isa = PBXBuildFile; fileRef = DD0F36A225D9E18300668660 /* PokemonListResult.swift */; };
		DD0F36AF25D9E23F00668660 /* PokemonList.swift in Sources */ = {isa = PBXBuildFile; fileRef = DD0F36AE25D9E23F00668660 /* PokemonList.swift */; };
		DD5000AE25F70D6B0070BAC3 /* PokemonStatsVM.swift in Sources */ = {isa = PBXBuildFile; fileRef = DD5000AD25F70D6B0070BAC3 /* PokemonStatsVM.swift */; };
		DD56187625F09AB20063DF17 /* Species.swift in Sources */ = {isa = PBXBuildFile; fileRef = DD56187525F09AB20063DF17 /* Species.swift */; };
		DD56187B25F09C020063DF17 /* SpeciesElement.swift in Sources */ = {isa = PBXBuildFile; fileRef = DD56187A25F09C020063DF17 /* SpeciesElement.swift */; };
		DD56188025F09C190063DF17 /* SpeciesEvolutionChain.swift in Sources */ = {isa = PBXBuildFile; fileRef = DD56187F25F09C190063DF17 /* SpeciesEvolutionChain.swift */; };
		DD56188525F09C910063DF17 /* SpeciesFlavorTextEntries.swift in Sources */ = {isa = PBXBuildFile; fileRef = DD56188425F09C910063DF17 /* SpeciesFlavorTextEntries.swift */; };
		DD56188A25F09CDB0063DF17 /* FlavorTextLanguage.swift in Sources */ = {isa = PBXBuildFile; fileRef = DD56188925F09CDB0063DF17 /* FlavorTextLanguage.swift */; };
		DD56188F25F09D1C0063DF17 /* FlavorTextVersion.swift in Sources */ = {isa = PBXBuildFile; fileRef = DD56188E25F09D1C0063DF17 /* FlavorTextVersion.swift */; };
		DD56189425F09E860063DF17 /* PokemonDetailVM.swift in Sources */ = {isa = PBXBuildFile; fileRef = DD56189325F09E860063DF17 /* PokemonDetailVM.swift */; };
		DD9DB39A25E07213003440D6 /* Pokemon.swift in Sources */ = {isa = PBXBuildFile; fileRef = DD9DB39925E07213003440D6 /* Pokemon.swift */; };
		DD9DB3A725E0B2D3003440D6 /* VersionGroupDetail.swift in Sources */ = {isa = PBXBuildFile; fileRef = DD9DB3A625E0B2D3003440D6 /* VersionGroupDetail.swift */; };
		DD9DB3AC25E0B365003440D6 /* MoveLearnMethod.swift in Sources */ = {isa = PBXBuildFile; fileRef = DD9DB3AB25E0B365003440D6 /* MoveLearnMethod.swift */; };
		DD9DB3B425E0B410003440D6 /* VersionGroup.swift in Sources */ = {isa = PBXBuildFile; fileRef = DD9DB3B325E0B410003440D6 /* VersionGroup.swift */; };
		DD9DB3C625E0B562003440D6 /* Move.swift in Sources */ = {isa = PBXBuildFile; fileRef = DD9DB3C525E0B562003440D6 /* Move.swift */; };
		DD9DB3CB25E0B5C6003440D6 /* MoveElement.swift in Sources */ = {isa = PBXBuildFile; fileRef = DD9DB3CA25E0B5C6003440D6 /* MoveElement.swift */; };
		DD9DB3D125E0B745003440D6 /* Stat.swift in Sources */ = {isa = PBXBuildFile; fileRef = DD9DB3D025E0B745003440D6 /* Stat.swift */; };
		DD9DB3D925E0B79D003440D6 /* StatElement.swift in Sources */ = {isa = PBXBuildFile; fileRef = DD9DB3D825E0B79D003440D6 /* StatElement.swift */; };
		DD9DB3DF25E0B841003440D6 /* Type.swift in Sources */ = {isa = PBXBuildFile; fileRef = DD9DB3DE25E0B841003440D6 /* Type.swift */; };
		DD9DB3E825E0B865003440D6 /* TypeElement.swift in Sources */ = {isa = PBXBuildFile; fileRef = DD9DB3E725E0B865003440D6 /* TypeElement.swift */; };
		DD9DB3ED25E0BC2C003440D6 /* PokemonCellVM.swift in Sources */ = {isa = PBXBuildFile; fileRef = DD9DB3EC25E0BC2C003440D6 /* PokemonCellVM.swift */; };
		DD9DB40325E0C496003440D6 /* PokemonHelper.swift in Sources */ = {isa = PBXBuildFile; fileRef = DD9DB40225E0C496003440D6 /* PokemonHelper.swift */; };
		DD9DB40E25E5EEB3003440D6 /* PokemonDetailView.swift in Sources */ = {isa = PBXBuildFile; fileRef = DD9DB40D25E5EEB3003440D6 /* PokemonDetailView.swift */; };
		DD9DB41325E5F43A003440D6 /* PokemonStatsView.swift in Sources */ = {isa = PBXBuildFile; fileRef = DD9DB41225E5F43A003440D6 /* PokemonStatsView.swift */; };
		DD9DB41925E9EDC9003440D6 /* PokemonInformationView.swift in Sources */ = {isa = PBXBuildFile; fileRef = DD9DB41825E9EDC9003440D6 /* PokemonInformationView.swift */; };
		DD9DB42125EC82EF003440D6 /* Constants.swift in Sources */ = {isa = PBXBuildFile; fileRef = DD9DB42025EC82EF003440D6 /* Constants.swift */; };
		DDCD8E23260ECDE4006CB12A /* PokemonEvolutionView.swift in Sources */ = {isa = PBXBuildFile; fileRef = DDCD8E22260ECDE3006CB12A /* PokemonEvolutionView.swift */; };
/* End PBXBuildFile section */

/* Begin PBXContainerItemProxy section */
		DD0F365D25CF983600668660 /* PBXContainerItemProxy */ = {
			isa = PBXContainerItemProxy;
			containerPortal = DD0F364325CF983400668660 /* Project object */;
			proxyType = 1;
			remoteGlobalIDString = DD0F364A25CF983400668660;
			remoteInfo = Pokedex;
		};
		DD0F366825CF983600668660 /* PBXContainerItemProxy */ = {
			isa = PBXContainerItemProxy;
			containerPortal = DD0F364325CF983400668660 /* Project object */;
			proxyType = 1;
			remoteGlobalIDString = DD0F364A25CF983400668660;
			remoteInfo = Pokedex;
		};
/* End PBXContainerItemProxy section */

/* Begin PBXFileReference section */
		DD0F364B25CF983400668660 /* Pokedex.app */ = {isa = PBXFileReference; explicitFileType = wrapper.application; includeInIndex = 0; path = Pokedex.app; sourceTree = BUILT_PRODUCTS_DIR; };
		DD0F364E25CF983400668660 /* PokedexApp.swift */ = {isa = PBXFileReference; lastKnownFileType = sourcecode.swift; path = PokedexApp.swift; sourceTree = "<group>"; };
		DD0F365225CF983600668660 /* Assets.xcassets */ = {isa = PBXFileReference; lastKnownFileType = folder.assetcatalog; path = Assets.xcassets; sourceTree = "<group>"; };
		DD0F365525CF983600668660 /* Preview Assets.xcassets */ = {isa = PBXFileReference; lastKnownFileType = folder.assetcatalog; path = "Preview Assets.xcassets"; sourceTree = "<group>"; };
		DD0F365725CF983600668660 /* Info.plist */ = {isa = PBXFileReference; lastKnownFileType = text.plist.xml; path = Info.plist; sourceTree = "<group>"; };
		DD0F365C25CF983600668660 /* PokedexTests.xctest */ = {isa = PBXFileReference; explicitFileType = wrapper.cfbundle; includeInIndex = 0; path = PokedexTests.xctest; sourceTree = BUILT_PRODUCTS_DIR; };
		DD0F366025CF983600668660 /* PokedexTests.swift */ = {isa = PBXFileReference; lastKnownFileType = sourcecode.swift; path = PokedexTests.swift; sourceTree = "<group>"; };
		DD0F366225CF983600668660 /* Info.plist */ = {isa = PBXFileReference; lastKnownFileType = text.plist.xml; path = Info.plist; sourceTree = "<group>"; };
		DD0F366725CF983600668660 /* PokedexUITests.xctest */ = {isa = PBXFileReference; explicitFileType = wrapper.cfbundle; includeInIndex = 0; path = PokedexUITests.xctest; sourceTree = BUILT_PRODUCTS_DIR; };
		DD0F366B25CF983600668660 /* PokedexUITests.swift */ = {isa = PBXFileReference; lastKnownFileType = sourcecode.swift; path = PokedexUITests.swift; sourceTree = "<group>"; };
		DD0F366D25CF983600668660 /* Info.plist */ = {isa = PBXFileReference; lastKnownFileType = text.plist.xml; path = Info.plist; sourceTree = "<group>"; };
		DD0F367F25CF98F000668660 /* PokemonCell.swift */ = {isa = PBXFileReference; lastKnownFileType = sourcecode.swift; path = PokemonCell.swift; sourceTree = "<group>"; };
		DD0F368725D22A6400668660 /* PokedexView.swift */ = {isa = PBXFileReference; lastKnownFileType = sourcecode.swift; path = PokedexView.swift; sourceTree = "<group>"; };
		DD0F368C25D9C64F00668660 /* PokemonOld.swift */ = {isa = PBXFileReference; lastKnownFileType = sourcecode.swift; path = PokemonOld.swift; sourceTree = "<group>"; };
		DD0F369125D9CA0500668660 /* PokemonVM.swift */ = {isa = PBXFileReference; lastKnownFileType = sourcecode.swift; path = PokemonVM.swift; sourceTree = "<group>"; };
		DD0F36A225D9E18300668660 /* PokemonListResult.swift */ = {isa = PBXFileReference; lastKnownFileType = sourcecode.swift; path = PokemonListResult.swift; sourceTree = "<group>"; };
		DD0F36AE25D9E23F00668660 /* PokemonList.swift */ = {isa = PBXFileReference; lastKnownFileType = sourcecode.swift; path = PokemonList.swift; sourceTree = "<group>"; };
		DD5000AD25F70D6B0070BAC3 /* PokemonStatsVM.swift */ = {isa = PBXFileReference; lastKnownFileType = sourcecode.swift; path = PokemonStatsVM.swift; sourceTree = "<group>"; };
		DD56187525F09AB20063DF17 /* Species.swift */ = {isa = PBXFileReference; lastKnownFileType = sourcecode.swift; path = Species.swift; sourceTree = "<group>"; };
		DD56187A25F09C020063DF17 /* SpeciesElement.swift */ = {isa = PBXFileReference; lastKnownFileType = sourcecode.swift; path = SpeciesElement.swift; sourceTree = "<group>"; };
		DD56187F25F09C190063DF17 /* SpeciesEvolutionChain.swift */ = {isa = PBXFileReference; lastKnownFileType = sourcecode.swift; path = SpeciesEvolutionChain.swift; sourceTree = "<group>"; };
		DD56188425F09C910063DF17 /* SpeciesFlavorTextEntries.swift */ = {isa = PBXFileReference; lastKnownFileType = sourcecode.swift; path = SpeciesFlavorTextEntries.swift; sourceTree = "<group>"; };
		DD56188925F09CDB0063DF17 /* FlavorTextLanguage.swift */ = {isa = PBXFileReference; lastKnownFileType = sourcecode.swift; path = FlavorTextLanguage.swift; sourceTree = "<group>"; };
		DD56188E25F09D1C0063DF17 /* FlavorTextVersion.swift */ = {isa = PBXFileReference; lastKnownFileType = sourcecode.swift; path = FlavorTextVersion.swift; sourceTree = "<group>"; };
		DD56189325F09E860063DF17 /* PokemonDetailVM.swift */ = {isa = PBXFileReference; lastKnownFileType = sourcecode.swift; path = PokemonDetailVM.swift; sourceTree = "<group>"; };
		DD9DB39925E07213003440D6 /* Pokemon.swift */ = {isa = PBXFileReference; lastKnownFileType = sourcecode.swift; path = Pokemon.swift; sourceTree = "<group>"; };
		DD9DB3A625E0B2D3003440D6 /* VersionGroupDetail.swift */ = {isa = PBXFileReference; lastKnownFileType = sourcecode.swift; path = VersionGroupDetail.swift; sourceTree = "<group>"; };
		DD9DB3AB25E0B365003440D6 /* MoveLearnMethod.swift */ = {isa = PBXFileReference; lastKnownFileType = sourcecode.swift; path = MoveLearnMethod.swift; sourceTree = "<group>"; };
		DD9DB3B325E0B410003440D6 /* VersionGroup.swift */ = {isa = PBXFileReference; lastKnownFileType = sourcecode.swift; path = VersionGroup.swift; sourceTree = "<group>"; };
		DD9DB3C525E0B562003440D6 /* Move.swift */ = {isa = PBXFileReference; lastKnownFileType = sourcecode.swift; path = Move.swift; sourceTree = "<group>"; };
		DD9DB3CA25E0B5C6003440D6 /* MoveElement.swift */ = {isa = PBXFileReference; lastKnownFileType = sourcecode.swift; path = MoveElement.swift; sourceTree = "<group>"; };
		DD9DB3D025E0B745003440D6 /* Stat.swift */ = {isa = PBXFileReference; lastKnownFileType = sourcecode.swift; path = Stat.swift; sourceTree = "<group>"; };
		DD9DB3D825E0B79D003440D6 /* StatElement.swift */ = {isa = PBXFileReference; lastKnownFileType = sourcecode.swift; path = StatElement.swift; sourceTree = "<group>"; };
		DD9DB3DE25E0B841003440D6 /* Type.swift */ = {isa = PBXFileReference; lastKnownFileType = sourcecode.swift; path = Type.swift; sourceTree = "<group>"; };
		DD9DB3E725E0B865003440D6 /* TypeElement.swift */ = {isa = PBXFileReference; lastKnownFileType = sourcecode.swift; path = TypeElement.swift; sourceTree = "<group>"; };
		DD9DB3EC25E0BC2C003440D6 /* PokemonCellVM.swift */ = {isa = PBXFileReference; lastKnownFileType = sourcecode.swift; path = PokemonCellVM.swift; sourceTree = "<group>"; };
		DD9DB40225E0C496003440D6 /* PokemonHelper.swift */ = {isa = PBXFileReference; lastKnownFileType = sourcecode.swift; path = PokemonHelper.swift; sourceTree = "<group>"; };
		DD9DB40D25E5EEB3003440D6 /* PokemonDetailView.swift */ = {isa = PBXFileReference; lastKnownFileType = sourcecode.swift; path = PokemonDetailView.swift; sourceTree = "<group>"; };
		DD9DB41225E5F43A003440D6 /* PokemonStatsView.swift */ = {isa = PBXFileReference; lastKnownFileType = sourcecode.swift; path = PokemonStatsView.swift; sourceTree = "<group>"; };
		DD9DB41825E9EDC9003440D6 /* PokemonInformationView.swift */ = {isa = PBXFileReference; lastKnownFileType = sourcecode.swift; path = PokemonInformationView.swift; sourceTree = "<group>"; };
		DD9DB42025EC82EF003440D6 /* Constants.swift */ = {isa = PBXFileReference; lastKnownFileType = sourcecode.swift; path = Constants.swift; sourceTree = "<group>"; };
		DDCD8E22260ECDE3006CB12A /* PokemonEvolutionView.swift */ = {isa = PBXFileReference; lastKnownFileType = sourcecode.swift; path = PokemonEvolutionView.swift; sourceTree = "<group>"; };
/* End PBXFileReference section */

/* Begin PBXFrameworksBuildPhase section */
		DD0F364825CF983400668660 /* Frameworks */ = {
			isa = PBXFrameworksBuildPhase;
			buildActionMask = 2147483647;
			files = (
				DD0F369E25D9D38F00668660 /* KingfisherSwiftUI in Frameworks */,
			);
			runOnlyForDeploymentPostprocessing = 0;
		};
		DD0F365925CF983600668660 /* Frameworks */ = {
			isa = PBXFrameworksBuildPhase;
			buildActionMask = 2147483647;
			files = (
			);
			runOnlyForDeploymentPostprocessing = 0;
		};
		DD0F366425CF983600668660 /* Frameworks */ = {
			isa = PBXFrameworksBuildPhase;
			buildActionMask = 2147483647;
			files = (
			);
			runOnlyForDeploymentPostprocessing = 0;
		};
/* End PBXFrameworksBuildPhase section */

/* Begin PBXGroup section */
		DD0F364225CF983400668660 = {
			isa = PBXGroup;
			children = (
				DD0F364D25CF983400668660 /* Pokedex */,
				DD0F365F25CF983600668660 /* PokedexTests */,
				DD0F366A25CF983600668660 /* PokedexUITests */,
				DD0F364C25CF983400668660 /* Products */,
			);
			sourceTree = "<group>";
		};
		DD0F364C25CF983400668660 /* Products */ = {
			isa = PBXGroup;
			children = (
				DD0F364B25CF983400668660 /* Pokedex.app */,
				DD0F365C25CF983600668660 /* PokedexTests.xctest */,
				DD0F366725CF983600668660 /* PokedexUITests.xctest */,
			);
			name = Products;
			sourceTree = "<group>";
		};
		DD0F364D25CF983400668660 /* Pokedex */ = {
			isa = PBXGroup;
			children = (
				DD9DB3F125E0C147003440D6 /* Utility */,
				DD0F367E25CF989A00668660 /* Model */,
				DD0F367D25CF989400668660 /* View */,
				DD0F367C25CF989000668660 /* View Model */,
				DD0F364E25CF983400668660 /* PokedexApp.swift */,
				DD0F365225CF983600668660 /* Assets.xcassets */,
				DD0F365725CF983600668660 /* Info.plist */,
				DD0F365425CF983600668660 /* Preview Content */,
			);
			path = Pokedex;
			sourceTree = "<group>";
		};
		DD0F365425CF983600668660 /* Preview Content */ = {
			isa = PBXGroup;
			children = (
				DD0F365525CF983600668660 /* Preview Assets.xcassets */,
			);
			path = "Preview Content";
			sourceTree = "<group>";
		};
		DD0F365F25CF983600668660 /* PokedexTests */ = {
			isa = PBXGroup;
			children = (
				DD0F366025CF983600668660 /* PokedexTests.swift */,
				DD0F366225CF983600668660 /* Info.plist */,
			);
			path = PokedexTests;
			sourceTree = "<group>";
		};
		DD0F366A25CF983600668660 /* PokedexUITests */ = {
			isa = PBXGroup;
			children = (
				DD0F366B25CF983600668660 /* PokedexUITests.swift */,
				DD0F366D25CF983600668660 /* Info.plist */,
			);
			path = PokedexUITests;
			sourceTree = "<group>";
		};
		DD0F367C25CF989000668660 /* View Model */ = {
			isa = PBXGroup;
			children = (
				DD0F369125D9CA0500668660 /* PokemonVM.swift */,
				DD9DB3EC25E0BC2C003440D6 /* PokemonCellVM.swift */,
				DD56189325F09E860063DF17 /* PokemonDetailVM.swift */,
				DD5000AD25F70D6B0070BAC3 /* PokemonStatsVM.swift */,
			);
			path = "View Model";
			sourceTree = "<group>";
		};
		DD0F367D25CF989400668660 /* View */ = {
			isa = PBXGroup;
			children = (
				DD9DB41725E9EDAE003440D6 /* PokemonDetails */,
				DD0F367F25CF98F000668660 /* PokemonCell.swift */,
				DD0F368725D22A6400668660 /* PokedexView.swift */,
			);
			path = View;
			sourceTree = "<group>";
		};
		DD0F367E25CF989A00668660 /* Model */ = {
			isa = PBXGroup;
			children = (
				DD0F36A725D9E18700668660 /* PokeAPIResponses */,
				DD0F368C25D9C64F00668660 /* PokemonOld.swift */,
			);
			path = Model;
			sourceTree = "<group>";
		};
		DD0F36A725D9E18700668660 /* PokeAPIResponses */ = {
			isa = PBXGroup;
			children = (
				DD56187425F09A990063DF17 /* PokemonSpecies */,
				DD9DB3DD25E0B825003440D6 /* PokemonType */,
				DD9DB3CF25E0B723003440D6 /* PokemonStat */,
				DD9DB3B825E0B4F7003440D6 /* PokemonMove */,
				DD0F36A225D9E18300668660 /* PokemonListResult.swift */,
				DD0F36AE25D9E23F00668660 /* PokemonList.swift */,
				DD9DB39925E07213003440D6 /* Pokemon.swift */,
			);
			path = PokeAPIResponses;
			sourceTree = "<group>";
		};
		DD56187425F09A990063DF17 /* PokemonSpecies */ = {
			isa = PBXGroup;
			children = (
				DD56187525F09AB20063DF17 /* Species.swift */,
				DD56187A25F09C020063DF17 /* SpeciesElement.swift */,
				DD56187F25F09C190063DF17 /* SpeciesEvolutionChain.swift */,
				DD56188425F09C910063DF17 /* SpeciesFlavorTextEntries.swift */,
				DD56188925F09CDB0063DF17 /* FlavorTextLanguage.swift */,
				DD56188E25F09D1C0063DF17 /* FlavorTextVersion.swift */,
			);
			path = PokemonSpecies;
			sourceTree = "<group>";
		};
		DD9DB3B825E0B4F7003440D6 /* PokemonMove */ = {
			isa = PBXGroup;
			children = (
				DD9DB3A625E0B2D3003440D6 /* VersionGroupDetail.swift */,
				DD9DB3AB25E0B365003440D6 /* MoveLearnMethod.swift */,
				DD9DB3B325E0B410003440D6 /* VersionGroup.swift */,
				DD9DB3C525E0B562003440D6 /* Move.swift */,
				DD9DB3CA25E0B5C6003440D6 /* MoveElement.swift */,
			);
			path = PokemonMove;
			sourceTree = "<group>";
		};
		DD9DB3CF25E0B723003440D6 /* PokemonStat */ = {
			isa = PBXGroup;
			children = (
				DD9DB3D025E0B745003440D6 /* Stat.swift */,
				DD9DB3D825E0B79D003440D6 /* StatElement.swift */,
			);
			path = PokemonStat;
			sourceTree = "<group>";
		};
		DD9DB3DD25E0B825003440D6 /* PokemonType */ = {
			isa = PBXGroup;
			children = (
				DD9DB3DE25E0B841003440D6 /* Type.swift */,
				DD9DB3E725E0B865003440D6 /* TypeElement.swift */,
			);
			path = PokemonType;
			sourceTree = "<group>";
		};
		DD9DB3F125E0C147003440D6 /* Utility */ = {
			isa = PBXGroup;
			children = (
				DD9DB40225E0C496003440D6 /* PokemonHelper.swift */,
				DD9DB42025EC82EF003440D6 /* Constants.swift */,
			);
			path = Utility;
			sourceTree = "<group>";
		};
		DD9DB41725E9EDAE003440D6 /* PokemonDetails */ = {
			isa = PBXGroup;
			children = (
				DD9DB40D25E5EEB3003440D6 /* PokemonDetailView.swift */,
				DD9DB41225E5F43A003440D6 /* PokemonStatsView.swift */,
				DD9DB41825E9EDC9003440D6 /* PokemonInformationView.swift */,
				DDCD8E22260ECDE3006CB12A /* PokemonEvolutionView.swift */,
			);
			path = PokemonDetails;
			sourceTree = "<group>";
		};
/* End PBXGroup section */

/* Begin PBXNativeTarget section */
		DD0F364A25CF983400668660 /* Pokedex */ = {
			isa = PBXNativeTarget;
			buildConfigurationList = DD0F367025CF983600668660 /* Build configuration list for PBXNativeTarget "Pokedex" */;
			buildPhases = (
				DD0F364725CF983400668660 /* Sources */,
				DD0F364825CF983400668660 /* Frameworks */,
				DD0F364925CF983400668660 /* Resources */,
			);
			buildRules = (
			);
			dependencies = (
			);
			name = Pokedex;
			packageProductDependencies = (
				DD0F369D25D9D38F00668660 /* KingfisherSwiftUI */,
			);
			productName = Pokedex;
			productReference = DD0F364B25CF983400668660 /* Pokedex.app */;
			productType = "com.apple.product-type.application";
		};
		DD0F365B25CF983600668660 /* PokedexTests */ = {
			isa = PBXNativeTarget;
			buildConfigurationList = DD0F367325CF983600668660 /* Build configuration list for PBXNativeTarget "PokedexTests" */;
			buildPhases = (
				DD0F365825CF983600668660 /* Sources */,
				DD0F365925CF983600668660 /* Frameworks */,
				DD0F365A25CF983600668660 /* Resources */,
			);
			buildRules = (
			);
			dependencies = (
				DD0F365E25CF983600668660 /* PBXTargetDependency */,
			);
			name = PokedexTests;
			productName = PokedexTests;
			productReference = DD0F365C25CF983600668660 /* PokedexTests.xctest */;
			productType = "com.apple.product-type.bundle.unit-test";
		};
		DD0F366625CF983600668660 /* PokedexUITests */ = {
			isa = PBXNativeTarget;
			buildConfigurationList = DD0F367625CF983600668660 /* Build configuration list for PBXNativeTarget "PokedexUITests" */;
			buildPhases = (
				DD0F366325CF983600668660 /* Sources */,
				DD0F366425CF983600668660 /* Frameworks */,
				DD0F366525CF983600668660 /* Resources */,
			);
			buildRules = (
			);
			dependencies = (
				DD0F366925CF983600668660 /* PBXTargetDependency */,
			);
			name = PokedexUITests;
			productName = PokedexUITests;
			productReference = DD0F366725CF983600668660 /* PokedexUITests.xctest */;
			productType = "com.apple.product-type.bundle.ui-testing";
		};
/* End PBXNativeTarget section */

/* Begin PBXProject section */
		DD0F364325CF983400668660 /* Project object */ = {
			isa = PBXProject;
			attributes = {
				LastSwiftUpdateCheck = 1240;
				LastUpgradeCheck = 1240;
				TargetAttributes = {
					DD0F364A25CF983400668660 = {
						CreatedOnToolsVersion = 12.4;
					};
					DD0F365B25CF983600668660 = {
						CreatedOnToolsVersion = 12.4;
						TestTargetID = DD0F364A25CF983400668660;
					};
					DD0F366625CF983600668660 = {
						CreatedOnToolsVersion = 12.4;
						TestTargetID = DD0F364A25CF983400668660;
					};
				};
			};
			buildConfigurationList = DD0F364625CF983400668660 /* Build configuration list for PBXProject "Pokedex" */;
			compatibilityVersion = "Xcode 9.3";
			developmentRegion = en;
			hasScannedForEncodings = 0;
			knownRegions = (
				en,
				Base,
			);
			mainGroup = DD0F364225CF983400668660;
			packageReferences = (
				DD0F369C25D9D38F00668660 /* XCRemoteSwiftPackageReference "Kingfisher" */,
			);
			productRefGroup = DD0F364C25CF983400668660 /* Products */;
			projectDirPath = "";
			projectRoot = "";
			targets = (
				DD0F364A25CF983400668660 /* Pokedex */,
				DD0F365B25CF983600668660 /* PokedexTests */,
				DD0F366625CF983600668660 /* PokedexUITests */,
			);
		};
/* End PBXProject section */

/* Begin PBXResourcesBuildPhase section */
		DD0F364925CF983400668660 /* Resources */ = {
			isa = PBXResourcesBuildPhase;
			buildActionMask = 2147483647;
			files = (
				DD0F365625CF983600668660 /* Preview Assets.xcassets in Resources */,
				DD0F365325CF983600668660 /* Assets.xcassets in Resources */,
			);
			runOnlyForDeploymentPostprocessing = 0;
		};
		DD0F365A25CF983600668660 /* Resources */ = {
			isa = PBXResourcesBuildPhase;
			buildActionMask = 2147483647;
			files = (
			);
			runOnlyForDeploymentPostprocessing = 0;
		};
		DD0F366525CF983600668660 /* Resources */ = {
			isa = PBXResourcesBuildPhase;
			buildActionMask = 2147483647;
			files = (
			);
			runOnlyForDeploymentPostprocessing = 0;
		};
/* End PBXResourcesBuildPhase section */

/* Begin PBXSourcesBuildPhase section */
		DD0F364725CF983400668660 /* Sources */ = {
			isa = PBXSourcesBuildPhase;
			buildActionMask = 2147483647;
			files = (
				DD0F369225D9CA0500668660 /* PokemonVM.swift in Sources */,
				DD0F36AF25D9E23F00668660 /* PokemonList.swift in Sources */,
				DD56188525F09C910063DF17 /* SpeciesFlavorTextEntries.swift in Sources */,
				DD9DB3D925E0B79D003440D6 /* StatElement.swift in Sources */,
				DD9DB3DF25E0B841003440D6 /* Type.swift in Sources */,
				DD0F368D25D9C64F00668660 /* PokemonOld.swift in Sources */,
				DD9DB40E25E5EEB3003440D6 /* PokemonDetailView.swift in Sources */,
				DD9DB3D125E0B745003440D6 /* Stat.swift in Sources */,
				DD9DB3C625E0B562003440D6 /* Move.swift in Sources */,
				DD9DB3A725E0B2D3003440D6 /* VersionGroupDetail.swift in Sources */,
				DD9DB3E825E0B865003440D6 /* TypeElement.swift in Sources */,
				DD9DB3AC25E0B365003440D6 /* MoveLearnMethod.swift in Sources */,
				DD9DB41325E5F43A003440D6 /* PokemonStatsView.swift in Sources */,
				DD9DB40325E0C496003440D6 /* PokemonHelper.swift in Sources */,
				DDCD8E23260ECDE4006CB12A /* PokemonEvolutionView.swift in Sources */,
				DD56189425F09E860063DF17 /* PokemonDetailVM.swift in Sources */,
				DD0F364F25CF983400668660 /* PokedexApp.swift in Sources */,
				DD56188A25F09CDB0063DF17 /* FlavorTextLanguage.swift in Sources */,
				DD56187B25F09C020063DF17 /* SpeciesElement.swift in Sources */,
				DD56188025F09C190063DF17 /* SpeciesEvolutionChain.swift in Sources */,
				DD56188F25F09D1C0063DF17 /* FlavorTextVersion.swift in Sources */,
				DD9DB39A25E07213003440D6 /* Pokemon.swift in Sources */,
				DD9DB3B425E0B410003440D6 /* VersionGroup.swift in Sources */,
				DD0F368025CF98F000668660 /* PokemonCell.swift in Sources */,
				DD9DB3CB25E0B5C6003440D6 /* MoveElement.swift in Sources */,
				DD0F368825D22A6400668660 /* PokedexView.swift in Sources */,
				DD5000AE25F70D6B0070BAC3 /* PokemonStatsVM.swift in Sources */,
				DD9DB41925E9EDC9003440D6 /* PokemonInformationView.swift in Sources */,
				DD9DB3ED25E0BC2C003440D6 /* PokemonCellVM.swift in Sources */,
				DD0F36A325D9E18300668660 /* PokemonListResult.swift in Sources */,
				DD56187625F09AB20063DF17 /* Species.swift in Sources */,
				DD9DB42125EC82EF003440D6 /* Constants.swift in Sources */,
			);
			runOnlyForDeploymentPostprocessing = 0;
		};
		DD0F365825CF983600668660 /* Sources */ = {
			isa = PBXSourcesBuildPhase;
			buildActionMask = 2147483647;
			files = (
				DD0F366125CF983600668660 /* PokedexTests.swift in Sources */,
			);
			runOnlyForDeploymentPostprocessing = 0;
		};
		DD0F366325CF983600668660 /* Sources */ = {
			isa = PBXSourcesBuildPhase;
			buildActionMask = 2147483647;
			files = (
				DD0F366C25CF983600668660 /* PokedexUITests.swift in Sources */,
			);
			runOnlyForDeploymentPostprocessing = 0;
		};
/* End PBXSourcesBuildPhase section */

/* Begin PBXTargetDependency section */
		DD0F365E25CF983600668660 /* PBXTargetDependency */ = {
			isa = PBXTargetDependency;
			target = DD0F364A25CF983400668660 /* Pokedex */;
			targetProxy = DD0F365D25CF983600668660 /* PBXContainerItemProxy */;
		};
		DD0F366925CF983600668660 /* PBXTargetDependency */ = {
			isa = PBXTargetDependency;
			target = DD0F364A25CF983400668660 /* Pokedex */;
			targetProxy = DD0F366825CF983600668660 /* PBXContainerItemProxy */;
		};
/* End PBXTargetDependency section */

/* Begin XCBuildConfiguration section */
		DD0F366E25CF983600668660 /* Debug */ = {
			isa = XCBuildConfiguration;
			buildSettings = {
				ALWAYS_SEARCH_USER_PATHS = NO;
				CLANG_ANALYZER_NONNULL = YES;
				CLANG_ANALYZER_NUMBER_OBJECT_CONVERSION = YES_AGGRESSIVE;
				CLANG_CXX_LANGUAGE_STANDARD = "gnu++14";
				CLANG_CXX_LIBRARY = "libc++";
				CLANG_ENABLE_MODULES = YES;
				CLANG_ENABLE_OBJC_ARC = YES;
				CLANG_ENABLE_OBJC_WEAK = YES;
				CLANG_WARN_BLOCK_CAPTURE_AUTORELEASING = YES;
				CLANG_WARN_BOOL_CONVERSION = YES;
				CLANG_WARN_COMMA = YES;
				CLANG_WARN_CONSTANT_CONVERSION = YES;
				CLANG_WARN_DEPRECATED_OBJC_IMPLEMENTATIONS = YES;
				CLANG_WARN_DIRECT_OBJC_ISA_USAGE = YES_ERROR;
				CLANG_WARN_DOCUMENTATION_COMMENTS = YES;
				CLANG_WARN_EMPTY_BODY = YES;
				CLANG_WARN_ENUM_CONVERSION = YES;
				CLANG_WARN_INFINITE_RECURSION = YES;
				CLANG_WARN_INT_CONVERSION = YES;
				CLANG_WARN_NON_LITERAL_NULL_CONVERSION = YES;
				CLANG_WARN_OBJC_IMPLICIT_RETAIN_SELF = YES;
				CLANG_WARN_OBJC_LITERAL_CONVERSION = YES;
				CLANG_WARN_OBJC_ROOT_CLASS = YES_ERROR;
				CLANG_WARN_QUOTED_INCLUDE_IN_FRAMEWORK_HEADER = YES;
				CLANG_WARN_RANGE_LOOP_ANALYSIS = YES;
				CLANG_WARN_STRICT_PROTOTYPES = YES;
				CLANG_WARN_SUSPICIOUS_MOVE = YES;
				CLANG_WARN_UNGUARDED_AVAILABILITY = YES_AGGRESSIVE;
				CLANG_WARN_UNREACHABLE_CODE = YES;
				CLANG_WARN__DUPLICATE_METHOD_MATCH = YES;
				COPY_PHASE_STRIP = NO;
				DEBUG_INFORMATION_FORMAT = dwarf;
				ENABLE_STRICT_OBJC_MSGSEND = YES;
				ENABLE_TESTABILITY = YES;
				GCC_C_LANGUAGE_STANDARD = gnu11;
				GCC_DYNAMIC_NO_PIC = NO;
				GCC_NO_COMMON_BLOCKS = YES;
				GCC_OPTIMIZATION_LEVEL = 0;
				GCC_PREPROCESSOR_DEFINITIONS = (
					"DEBUG=1",
					"$(inherited)",
				);
				GCC_WARN_64_TO_32_BIT_CONVERSION = YES;
				GCC_WARN_ABOUT_RETURN_TYPE = YES_ERROR;
				GCC_WARN_UNDECLARED_SELECTOR = YES;
				GCC_WARN_UNINITIALIZED_AUTOS = YES_AGGRESSIVE;
				GCC_WARN_UNUSED_FUNCTION = YES;
				GCC_WARN_UNUSED_VARIABLE = YES;
				IPHONEOS_DEPLOYMENT_TARGET = 14.4;
				MTL_ENABLE_DEBUG_INFO = INCLUDE_SOURCE;
				MTL_FAST_MATH = YES;
				ONLY_ACTIVE_ARCH = YES;
				SDKROOT = iphoneos;
				SWIFT_ACTIVE_COMPILATION_CONDITIONS = DEBUG;
				SWIFT_OPTIMIZATION_LEVEL = "-Onone";
			};
			name = Debug;
		};
		DD0F366F25CF983600668660 /* Release */ = {
			isa = XCBuildConfiguration;
			buildSettings = {
				ALWAYS_SEARCH_USER_PATHS = NO;
				CLANG_ANALYZER_NONNULL = YES;
				CLANG_ANALYZER_NUMBER_OBJECT_CONVERSION = YES_AGGRESSIVE;
				CLANG_CXX_LANGUAGE_STANDARD = "gnu++14";
				CLANG_CXX_LIBRARY = "libc++";
				CLANG_ENABLE_MODULES = YES;
				CLANG_ENABLE_OBJC_ARC = YES;
				CLANG_ENABLE_OBJC_WEAK = YES;
				CLANG_WARN_BLOCK_CAPTURE_AUTORELEASING = YES;
				CLANG_WARN_BOOL_CONVERSION = YES;
				CLANG_WARN_COMMA = YES;
				CLANG_WARN_CONSTANT_CONVERSION = YES;
				CLANG_WARN_DEPRECATED_OBJC_IMPLEMENTATIONS = YES;
				CLANG_WARN_DIRECT_OBJC_ISA_USAGE = YES_ERROR;
				CLANG_WARN_DOCUMENTATION_COMMENTS = YES;
				CLANG_WARN_EMPTY_BODY = YES;
				CLANG_WARN_ENUM_CONVERSION = YES;
				CLANG_WARN_INFINITE_RECURSION = YES;
				CLANG_WARN_INT_CONVERSION = YES;
				CLANG_WARN_NON_LITERAL_NULL_CONVERSION = YES;
				CLANG_WARN_OBJC_IMPLICIT_RETAIN_SELF = YES;
				CLANG_WARN_OBJC_LITERAL_CONVERSION = YES;
				CLANG_WARN_OBJC_ROOT_CLASS = YES_ERROR;
				CLANG_WARN_QUOTED_INCLUDE_IN_FRAMEWORK_HEADER = YES;
				CLANG_WARN_RANGE_LOOP_ANALYSIS = YES;
				CLANG_WARN_STRICT_PROTOTYPES = YES;
				CLANG_WARN_SUSPICIOUS_MOVE = YES;
				CLANG_WARN_UNGUARDED_AVAILABILITY = YES_AGGRESSIVE;
				CLANG_WARN_UNREACHABLE_CODE = YES;
				CLANG_WARN__DUPLICATE_METHOD_MATCH = YES;
				COPY_PHASE_STRIP = NO;
				DEBUG_INFORMATION_FORMAT = "dwarf-with-dsym";
				ENABLE_NS_ASSERTIONS = NO;
				ENABLE_STRICT_OBJC_MSGSEND = YES;
				GCC_C_LANGUAGE_STANDARD = gnu11;
				GCC_NO_COMMON_BLOCKS = YES;
				GCC_WARN_64_TO_32_BIT_CONVERSION = YES;
				GCC_WARN_ABOUT_RETURN_TYPE = YES_ERROR;
				GCC_WARN_UNDECLARED_SELECTOR = YES;
				GCC_WARN_UNINITIALIZED_AUTOS = YES_AGGRESSIVE;
				GCC_WARN_UNUSED_FUNCTION = YES;
				GCC_WARN_UNUSED_VARIABLE = YES;
				IPHONEOS_DEPLOYMENT_TARGET = 14.4;
				MTL_ENABLE_DEBUG_INFO = NO;
				MTL_FAST_MATH = YES;
				SDKROOT = iphoneos;
				SWIFT_COMPILATION_MODE = wholemodule;
				SWIFT_OPTIMIZATION_LEVEL = "-O";
				VALIDATE_PRODUCT = YES;
			};
			name = Release;
		};
		DD0F367125CF983600668660 /* Debug */ = {
			isa = XCBuildConfiguration;
			buildSettings = {
				ASSETCATALOG_COMPILER_APPICON_NAME = AppIcon;
				ASSETCATALOG_COMPILER_GLOBAL_ACCENT_COLOR_NAME = AccentColor;
				CODE_SIGN_STYLE = Automatic;
				DEVELOPMENT_ASSET_PATHS = "\"Pokedex/Preview Content\"";
				DEVELOPMENT_TEAM = MWM578QRE5;
				ENABLE_PREVIEWS = YES;
				INFOPLIST_FILE = Pokedex/Info.plist;
				IPHONEOS_DEPLOYMENT_TARGET = 14.0;
				LD_RUNPATH_SEARCH_PATHS = (
					"$(inherited)",
					"@executable_path/Frameworks",
				);
				PRODUCT_BUNDLE_IDENTIFIER = com.eborrowman.Pokedex;
				PRODUCT_NAME = "$(TARGET_NAME)";
				SWIFT_VERSION = 5.0;
				TARGETED_DEVICE_FAMILY = "1,2";
			};
			name = Debug;
		};
		DD0F367225CF983600668660 /* Release */ = {
			isa = XCBuildConfiguration;
			buildSettings = {
				ASSETCATALOG_COMPILER_APPICON_NAME = AppIcon;
				ASSETCATALOG_COMPILER_GLOBAL_ACCENT_COLOR_NAME = AccentColor;
				CODE_SIGN_STYLE = Automatic;
				DEVELOPMENT_ASSET_PATHS = "\"Pokedex/Preview Content\"";
				DEVELOPMENT_TEAM = MWM578QRE5;
				ENABLE_PREVIEWS = YES;
				INFOPLIST_FILE = Pokedex/Info.plist;
				IPHONEOS_DEPLOYMENT_TARGET = 14.0;
				LD_RUNPATH_SEARCH_PATHS = (
					"$(inherited)",
					"@executable_path/Frameworks",
				);
				PRODUCT_BUNDLE_IDENTIFIER = com.eborrowman.Pokedex;
				PRODUCT_NAME = "$(TARGET_NAME)";
				SWIFT_VERSION = 5.0;
				TARGETED_DEVICE_FAMILY = "1,2";
			};
			name = Release;
		};
		DD0F367425CF983600668660 /* Debug */ = {
			isa = XCBuildConfiguration;
			buildSettings = {
				ALWAYS_EMBED_SWIFT_STANDARD_LIBRARIES = YES;
				BUNDLE_LOADER = "$(TEST_HOST)";
				CODE_SIGN_STYLE = Automatic;
				DEVELOPMENT_TEAM = MWM578QRE5;
				INFOPLIST_FILE = PokedexTests/Info.plist;
				IPHONEOS_DEPLOYMENT_TARGET = 14.0;
				LD_RUNPATH_SEARCH_PATHS = (
					"$(inherited)",
					"@executable_path/Frameworks",
					"@loader_path/Frameworks",
				);
				PRODUCT_BUNDLE_IDENTIFIER = com.eborrowman.PokedexTests;
				PRODUCT_NAME = "$(TARGET_NAME)";
				SWIFT_VERSION = 5.0;
				TARGETED_DEVICE_FAMILY = "1,2";
				TEST_HOST = "$(BUILT_PRODUCTS_DIR)/Pokedex.app/Pokedex";
			};
			name = Debug;
		};
		DD0F367525CF983600668660 /* Release */ = {
			isa = XCBuildConfiguration;
			buildSettings = {
				ALWAYS_EMBED_SWIFT_STANDARD_LIBRARIES = YES;
				BUNDLE_LOADER = "$(TEST_HOST)";
				CODE_SIGN_STYLE = Automatic;
				DEVELOPMENT_TEAM = MWM578QRE5;
				INFOPLIST_FILE = PokedexTests/Info.plist;
				IPHONEOS_DEPLOYMENT_TARGET = 14.0;
				LD_RUNPATH_SEARCH_PATHS = (
					"$(inherited)",
					"@executable_path/Frameworks",
					"@loader_path/Frameworks",
				);
				PRODUCT_BUNDLE_IDENTIFIER = com.eborrowman.PokedexTests;
				PRODUCT_NAME = "$(TARGET_NAME)";
				SWIFT_VERSION = 5.0;
				TARGETED_DEVICE_FAMILY = "1,2";
				TEST_HOST = "$(BUILT_PRODUCTS_DIR)/Pokedex.app/Pokedex";
			};
			name = Release;
		};
		DD0F367725CF983600668660 /* Debug */ = {
			isa = XCBuildConfiguration;
			buildSettings = {
				ALWAYS_EMBED_SWIFT_STANDARD_LIBRARIES = YES;
				CODE_SIGN_STYLE = Automatic;
				DEVELOPMENT_TEAM = MWM578QRE5;
				INFOPLIST_FILE = PokedexUITests/Info.plist;
				LD_RUNPATH_SEARCH_PATHS = (
					"$(inherited)",
					"@executable_path/Frameworks",
					"@loader_path/Frameworks",
				);
				PRODUCT_BUNDLE_IDENTIFIER = com.eborrowman.PokedexUITests;
				PRODUCT_NAME = "$(TARGET_NAME)";
				SWIFT_VERSION = 5.0;
				TARGETED_DEVICE_FAMILY = "1,2";
				TEST_TARGET_NAME = Pokedex;
			};
			name = Debug;
		};
		DD0F367825CF983600668660 /* Release */ = {
			isa = XCBuildConfiguration;
			buildSettings = {
				ALWAYS_EMBED_SWIFT_STANDARD_LIBRARIES = YES;
				CODE_SIGN_STYLE = Automatic;
				DEVELOPMENT_TEAM = MWM578QRE5;
				INFOPLIST_FILE = PokedexUITests/Info.plist;
				LD_RUNPATH_SEARCH_PATHS = (
					"$(inherited)",
					"@executable_path/Frameworks",
					"@loader_path/Frameworks",
				);
				PRODUCT_BUNDLE_IDENTIFIER = com.eborrowman.PokedexUITests;
				PRODUCT_NAME = "$(TARGET_NAME)";
				SWIFT_VERSION = 5.0;
				TARGETED_DEVICE_FAMILY = "1,2";
				TEST_TARGET_NAME = Pokedex;
			};
			name = Release;
		};
/* End XCBuildConfiguration section */

/* Begin XCConfigurationList section */
		DD0F364625CF983400668660 /* Build configuration list for PBXProject "Pokedex" */ = {
			isa = XCConfigurationList;
			buildConfigurations = (
				DD0F366E25CF983600668660 /* Debug */,
				DD0F366F25CF983600668660 /* Release */,
			);
			defaultConfigurationIsVisible = 0;
			defaultConfigurationName = Release;
		};
		DD0F367025CF983600668660 /* Build configuration list for PBXNativeTarget "Pokedex" */ = {
			isa = XCConfigurationList;
			buildConfigurations = (
				DD0F367125CF983600668660 /* Debug */,
				DD0F367225CF983600668660 /* Release */,
			);
			defaultConfigurationIsVisible = 0;
			defaultConfigurationName = Release;
		};
		DD0F367325CF983600668660 /* Build configuration list for PBXNativeTarget "PokedexTests" */ = {
			isa = XCConfigurationList;
			buildConfigurations = (
				DD0F367425CF983600668660 /* Debug */,
				DD0F367525CF983600668660 /* Release */,
			);
			defaultConfigurationIsVisible = 0;
			defaultConfigurationName = Release;
		};
		DD0F367625CF983600668660 /* Build configuration list for PBXNativeTarget "PokedexUITests" */ = {
			isa = XCConfigurationList;
			buildConfigurations = (
				DD0F367725CF983600668660 /* Debug */,
				DD0F367825CF983600668660 /* Release */,
			);
			defaultConfigurationIsVisible = 0;
			defaultConfigurationName = Release;
		};
/* End XCConfigurationList section */

/* Begin XCRemoteSwiftPackageReference section */
		DD0F369C25D9D38F00668660 /* XCRemoteSwiftPackageReference "Kingfisher" */ = {
			isa = XCRemoteSwiftPackageReference;
			repositoryURL = "https://github.com/onevcat/Kingfisher.git";
			requirement = {
				kind = upToNextMajorVersion;
				minimumVersion = 5.15.7;
			};
		};
/* End XCRemoteSwiftPackageReference section */

/* Begin XCSwiftPackageProductDependency section */
		DD0F369D25D9D38F00668660 /* KingfisherSwiftUI */ = {
			isa = XCSwiftPackageProductDependency;
			package = DD0F369C25D9D38F00668660 /* XCRemoteSwiftPackageReference "Kingfisher" */;
			productName = KingfisherSwiftUI;
		};
/* End XCSwiftPackageProductDependency section */
	};
	rootObject = DD0F364325CF983400668660 /* Project object */;
}
